
Microsoft Visual Studio Solution File, Format Version 12.00
# Visual Studio 14
VisualStudioVersion = 14.0.25420.1
MinimumVisualStudioVersion = 10.0.40219.1
Project("{FAE04EC0-301F-11D3-BF4B-00C04F79EFBC}") = "MarketCharts", "MarketCharts\MarketCharts.csproj", "{5A60FD80-188C-459A-8C17-24C1EC23AAAE}"
EndProject
Project("{FAE04EC0-301F-11D3-BF4B-00C04F79EFBC}") = "MarketChartsBL", "MarketCharts.BL\MarketChartsBL.csproj", "{20BFAE53-8F38-4E91-98F5-B40272A435DF}"
EndProject
Project("{FAE04EC0-301F-11D3-BF4B-00C04F79EFBC}") = "MarketChartsData", "MarketCharts.Data\MarketChartsData.csproj", "{C55595C0-8796-4E39-952E-013C45A48914}"
EndProject
Global
	GlobalSection(SolutionConfigurationPlatforms) = preSolution
		Debug|Any CPU = Debug|Any CPU
		Release|Any CPU = Release|Any CPU
	EndGlobalSection
	GlobalSection(ProjectConfigurationPlatforms) = postSolution
		{5A60FD80-188C-459A-8C17-24C1EC23AAAE}.Debug|Any CPU.ActiveCfg = Debug|Any CPU
		{5A60FD80-188C-459A-8C17-24C1EC23AAAE}.Debug|Any CPU.Build.0 = Debug|Any CPU
		{5A60FD80-188C-459A-8C17-24C1EC23AAAE}.Release|Any CPU.ActiveCfg = Release|Any CPU
		{5A60FD80-188C-459A-8C17-24C1EC23AAAE}.Release|Any CPU.Build.0 = Release|Any CPU
		{20BFAE53-8F38-4E91-98F5-B40272A435DF}.Debug|Any CPU.ActiveCfg = Debug|Any CPU
		{20BFAE53-8F38-4E91-98F5-B40272A435DF}.Debug|Any CPU.Build.0 = Debug|Any CPU
		{20BFAE53-8F38-4E91-98F5-B40272A435DF}.Release|Any CPU.ActiveCfg = Release|Any CPU
		{20BFAE53-8F38-4E91-98F5-B40272A435DF}.Release|Any CPU.Build.0 = Release|Any CPU
		{C55595C0-8796-4E39-952E-013C45A48914}.Debug|Any CPU.ActiveCfg = Debug|Any CPU
		{C55595C0-8796-4E39-952E-013C45A48914}.Debug|Any CPU.Build.0 = Debug|Any CPU
		{C55595C0-8796-4E39-952E-013C45A48914}.Release|Any CPU.ActiveCfg = Release|Any CPU
		{C55595C0-8796-4E39-952E-013C45A48914}.Release|Any CPU.Build.0 = Release|Any CPU
	EndGlobalSection
	GlobalSection(SolutionProperties) = preSolution
		HideSolutionNode = FALSE
	EndGlobalSection
EndGlobal
